{
  "originHash" : "aa71055a704427a00b7ef85fd4cc841c936660a9639f247d5b799ee5032670e1",
  "pins" : [
    {
      "identity" : "launchatlogin-modern",
      "kind" : "remoteSourceControl",
      "location" : "https://github.com/sindresorhus/LaunchAtLogin-Modern",
      "state" : {
        "branch" : "main",
        "revision" : "a04ec1c363be3627734f6dad757d82f5d4fa8fcc"
      }
    }
  ],
  "version" : 3
}
